
Microsoft Visual Studio Solution File, Format Version 12.00
# Visual Studio Version 16
VisualStudioVersion = 16.0.30114.105
MinimumVisualStudioVersion = 10.0.40219.1
Project("{FAE04EC0-301F-11D3-BF4B-00C04F79EFBC}") = "RabbitMqDi", "RabbitMqDi\RabbitMqDi.csproj", "{71396BC4-3349-4275-BF90-CF8D341AE62E}"
EndProject
Global
	GlobalSection(SolutionConfigurationPlatforms) = preSolution
		Debug|Any CPU = Debug|Any CPU
		Release|Any CPU = Release|Any CPU
	EndGlobalSection
	GlobalSection(ProjectConfigurationPlatforms) = postSolution
		{71396BC4-3349-4275-BF90-CF8D341AE62E}.Debug|Any CPU.ActiveCfg = Debug|Any CPU
		{71396BC4-3349-4275-BF90-CF8D341AE62E}.Debug|Any CPU.Build.0 = Debug|Any CPU
		{71396BC4-3349-4275-BF90-CF8D341AE62E}.Release|Any CPU.ActiveCfg = Release|Any CPU
		{71396BC4-3349-4275-BF90-CF8D341AE62E}.Release|Any CPU.Build.0 = Release|Any CPU
	EndGlobalSection
	GlobalSection(SolutionProperties) = preSolution
		HideSolutionNode = FALSE
	EndGlobalSection
	GlobalSection(ExtensibilityGlobals) = postSolution
		SolutionGuid = {53D97612-96A6-4F8F-B2CB-BEF110B4868E}
	EndGlobalSection
EndGlobal
